
Microsoft Visual Studio Solution File, Format Version 12.00
# Visual Studio Version 16
VisualStudioVersion = 16.0.30517.126
MinimumVisualStudioVersion = 10.0.40219.1
Project("{FAE04EC0-301F-11D3-BF4B-00C04F79EFBC}") = "WebApplication11", "WebApplication11\WebApplication11.csproj", "{9E4BACC1-CF5F-47BF-AD0F-8F64EE65F8DC}"
EndProject
Global
	GlobalSection(SolutionConfigurationPlatforms) = preSolution
		Debug|Any CPU = Debug|Any CPU
		Release|Any CPU = Release|Any CPU
	EndGlobalSection
	GlobalSection(ProjectConfigurationPlatforms) = postSolution
		{9E4BACC1-CF5F-47BF-AD0F-8F64EE65F8DC}.Debug|Any CPU.ActiveCfg = Debug|Any CPU
		{9E4BACC1-CF5F-47BF-AD0F-8F64EE65F8DC}.Debug|Any CPU.Build.0 = Debug|Any CPU
		{9E4BACC1-CF5F-47BF-AD0F-8F64EE65F8DC}.Release|Any CPU.ActiveCfg = Release|Any CPU
		{9E4BACC1-CF5F-47BF-AD0F-8F64EE65F8DC}.Release|Any CPU.Build.0 = Release|Any CPU
	EndGlobalSection
	GlobalSection(SolutionProperties) = preSolution
		HideSolutionNode = FALSE
	EndGlobalSection
	GlobalSection(ExtensibilityGlobals) = postSolution
		SolutionGuid = {89C4DAA2-9197-42B3-9C0C-8035B7E4496A}
	EndGlobalSection
EndGlobal
